// !$*UTF8*$!
{
	archiveVersion = 1;
	classes = {
	};
	objectVersion = 50;
	objects = {

/* Begin PBXBuildFile section */
		970E252323F8DC1F00B23454 /* AppDelegate.swift in Sources */ = {isa = PBXBuildFile; fileRef = 970E252223F8DC1F00B23454 /* AppDelegate.swift */; };
		970E252723F8DC1F00B23454 /* MeasurementViewController.swift in Sources */ = {isa = PBXBuildFile; fileRef = 970E252623F8DC1F00B23454 /* MeasurementViewController.swift */; };
		970E252A23F8DC1F00B23454 /* Main.storyboard in Resources */ = {isa = PBXBuildFile; fileRef = 970E252823F8DC1F00B23454 /* Main.storyboard */; };
		970E252C23F8DC2100B23454 /* Assets.xcassets in Resources */ = {isa = PBXBuildFile; fileRef = 970E252B23F8DC2100B23454 /* Assets.xcassets */; };
		970E252F23F8DC2100B23454 /* LaunchScreen.storyboard in Resources */ = {isa = PBXBuildFile; fileRef = 970E252D23F8DC2100B23454 /* LaunchScreen.storyboard */; };
		970E253923F8F94300B23454 /* ResultsViewController.swift in Sources */ = {isa = PBXBuildFile; fileRef = 970E253823F8F94300B23454 /* ResultsViewController.swift */; };
		970E254023F8F9B300B23454 /* GraphSegment.swift in Sources */ = {isa = PBXBuildFile; fileRef = 970E253C23F8F9B300B23454 /* GraphSegment.swift */; };
		970E254123F8F9B300B23454 /* GraphView.swift in Sources */ = {isa = PBXBuildFile; fileRef = 970E253D23F8F9B300B23454 /* GraphView.swift */; };
		970E254223F8F9B300B23454 /* CGContext+GraphLines.swift in Sources */ = {isa = PBXBuildFile; fileRef = 970E253E23F8F9B300B23454 /* CGContext+GraphLines.swift */; };
		974A5904240B37500084711F /* RecordingClassifierTests.swift in Sources */ = {isa = PBXBuildFile; fileRef = 974A5903240B37500084711F /* RecordingClassifierTests.swift */; };
		974A5911240B39010084711F /* Recording.swift in Sources */ = {isa = PBXBuildFile; fileRef = 974A5910240B39010084711F /* Recording.swift */; };
		974A5917240B39E00084711F /* RecordingClassifier.swift in Sources */ = {isa = PBXBuildFile; fileRef = 974A5916240B39E00084711F /* RecordingClassifier.swift */; };
		974A591A240B5AF20084711F /* RecordingFingerprint.swift in Sources */ = {isa = PBXBuildFile; fileRef = 974A5919240B5AF20084711F /* RecordingFingerprint.swift */; };
		974A591C240B5B4E0084711F /* Array+Chunking.swift in Sources */ = {isa = PBXBuildFile; fileRef = 974A591B240B5B4E0084711F /* Array+Chunking.swift */; };
		9759BB9F24146286009AAA07 /* Los Angeles in Resources */ = {isa = PBXBuildFile; fileRef = 9759BB9C24146286009AAA07 /* Los Angeles */; };
		9759BBA024146286009AAA07 /* Scotts Mill in Resources */ = {isa = PBXBuildFile; fileRef = 9759BB9D24146286009AAA07 /* Scotts Mill */; };
		9759BBA124146286009AAA07 /* Tohoku in Resources */ = {isa = PBXBuildFile; fileRef = 9759BB9E24146286009AAA07 /* Tohoku */; };
		977763B22403A94700B179CB /* FFT.swift in Sources */ = {isa = PBXBuildFile; fileRef = 977763B12403A94700B179CB /* FFT.swift */; };
		977763B42403B03100B179CB /* WaveformView.swift in Sources */ = {isa = PBXBuildFile; fileRef = 977763B32403B03100B179CB /* WaveformView.swift */; };
		97EB9A0223FB6A4500E8A3E2 /* Record.swift in Sources */ = {isa = PBXBuildFile; fileRef = 97EB9A0123FB6A4500E8A3E2 /* Record.swift */; };
/* End PBXBuildFile section */

/* Begin PBXContainerItemProxy section */
		974A5906240B37500084711F /* PBXContainerItemProxy */ = {
			isa = PBXContainerItemProxy;
			containerPortal = 970E251723F8DC1F00B23454 /* Project object */;
			proxyType = 1;
			remoteGlobalIDString = 970E251E23F8DC1F00B23454;
			remoteInfo = "Shake Detector";
		};
/* End PBXContainerItemProxy section */

/* Begin PBXFileReference section */
		970E251F23F8DC1F00B23454 /* Shake Detector.app */ = {isa = PBXFileReference; explicitFileType = wrapper.application; includeInIndex = 0; path = "Shake Detector.app"; sourceTree = BUILT_PRODUCTS_DIR; };
		970E252223F8DC1F00B23454 /* AppDelegate.swift */ = {isa = PBXFileReference; lastKnownFileType = sourcecode.swift; path = AppDelegate.swift; sourceTree = "<group>"; };
		970E252623F8DC1F00B23454 /* MeasurementViewController.swift */ = {isa = PBXFileReference; lastKnownFileType = sourcecode.swift; path = MeasurementViewController.swift; sourceTree = "<group>"; };
		970E252923F8DC1F00B23454 /* Base */ = {isa = PBXFileReference; lastKnownFileType = file.storyboard; name = Base; path = Base.lproj/Main.storyboard; sourceTree = "<group>"; };
		970E252B23F8DC2100B23454 /* Assets.xcassets */ = {isa = PBXFileReference; lastKnownFileType = folder.assetcatalog; path = Assets.xcassets; sourceTree = "<group>"; };
		970E252E23F8DC2100B23454 /* Base */ = {isa = PBXFileReference; lastKnownFileType = file.storyboard; name = Base; path = Base.lproj/LaunchScreen.storyboard; sourceTree = "<group>"; };
		970E253023F8DC2100B23454 /* Info.plist */ = {isa = PBXFileReference; lastKnownFileType = text.plist.xml; path = Info.plist; sourceTree = "<group>"; };
		970E253823F8F94300B23454 /* ResultsViewController.swift */ = {isa = PBXFileReference; lastKnownFileType = sourcecode.swift; path = ResultsViewController.swift; sourceTree = "<group>"; };
		970E253C23F8F9B300B23454 /* GraphSegment.swift */ = {isa = PBXFileReference; fileEncoding = 4; lastKnownFileType = sourcecode.swift; path = GraphSegment.swift; sourceTree = "<group>"; };
		970E253D23F8F9B300B23454 /* GraphView.swift */ = {isa = PBXFileReference; fileEncoding = 4; lastKnownFileType = sourcecode.swift; path = GraphView.swift; sourceTree = "<group>"; };
		970E253E23F8F9B300B23454 /* CGContext+GraphLines.swift */ = {isa = PBXFileReference; fileEncoding = 4; lastKnownFileType = sourcecode.swift; path = "CGContext+GraphLines.swift"; sourceTree = "<group>"; };
		970E254323F8F9EB00B23454 /* LICENSE.txt */ = {isa = PBXFileReference; lastKnownFileType = text; path = LICENSE.txt; sourceTree = "<group>"; };
		974A5901240B37500084711F /* Tests.xctest */ = {isa = PBXFileReference; explicitFileType = wrapper.cfbundle; includeInIndex = 0; path = Tests.xctest; sourceTree = BUILT_PRODUCTS_DIR; };
		974A5903240B37500084711F /* RecordingClassifierTests.swift */ = {isa = PBXFileReference; lastKnownFileType = sourcecode.swift; path = RecordingClassifierTests.swift; sourceTree = "<group>"; };
		974A5905240B37500084711F /* Info.plist */ = {isa = PBXFileReference; lastKnownFileType = text.plist.xml; path = Info.plist; sourceTree = "<group>"; };
		974A5910240B39010084711F /* Recording.swift */ = {isa = PBXFileReference; lastKnownFileType = sourcecode.swift; path = Recording.swift; sourceTree = "<group>"; };
		974A5916240B39E00084711F /* RecordingClassifier.swift */ = {isa = PBXFileReference; lastKnownFileType = sourcecode.swift; path = RecordingClassifier.swift; sourceTree = "<group>"; };
		974A5919240B5AF20084711F /* RecordingFingerprint.swift */ = {isa = PBXFileReference; lastKnownFileType = sourcecode.swift; path = RecordingFingerprint.swift; sourceTree = "<group>"; };
		974A591B240B5B4E0084711F /* Array+Chunking.swift */ = {isa = PBXFileReference; lastKnownFileType = sourcecode.swift; path = "Array+Chunking.swift"; sourceTree = "<group>"; };
		9759BB9C24146286009AAA07 /* Los Angeles */ = {isa = PBXFileReference; lastKnownFileType = folder; path = "Los Angeles"; sourceTree = "<group>"; };
		9759BB9D24146286009AAA07 /* Scotts Mill */ = {isa = PBXFileReference; lastKnownFileType = folder; path = "Scotts Mill"; sourceTree = "<group>"; };
		9759BB9E24146286009AAA07 /* Tohoku */ = {isa = PBXFileReference; lastKnownFileType = folder; path = Tohoku; sourceTree = "<group>"; };
		977763B12403A94700B179CB /* FFT.swift */ = {isa = PBXFileReference; fileEncoding = 4; lastKnownFileType = sourcecode.swift; path = FFT.swift; sourceTree = "<group>"; };
		977763B32403B03100B179CB /* WaveformView.swift */ = {isa = PBXFileReference; lastKnownFileType = sourcecode.swift; path = WaveformView.swift; sourceTree = "<group>"; };
		97EB9A0123FB6A4500E8A3E2 /* Record.swift */ = {isa = PBXFileReference; lastKnownFileType = sourcecode.swift; path = Record.swift; sourceTree = "<group>"; };
/* End PBXFileReference section */

/* Begin PBXGroup section */
		970E251623F8DC1F00B23454 = {
			isa = PBXGroup;
			children = (
				970E252123F8DC1F00B23454 /* Shake Detector */,
				974A5902240B37500084711F /* Tests */,
				970E252023F8DC1F00B23454 /* Products */,
			);
			sourceTree = "<group>";
		};
		970E252023F8DC1F00B23454 /* Products */ = {
			isa = PBXGroup;
			children = (
				970E251F23F8DC1F00B23454 /* Shake Detector.app */,
				974A5901240B37500084711F /* Tests.xctest */,
			);
			name = Products;
			sourceTree = "<group>";
		};
		970E252123F8DC1F00B23454 /* Shake Detector */ = {
			isa = PBXGroup;
			children = (
				970E253A23F8F98600B23454 /* Graph */,
				974A5918240B4B8F0084711F /* Math */,
				97EB9A0023FB6A2400E8A3E2 /* Models */,
				97EB99F523FB68C200E8A3E2 /* Resources */,
				970E253723F8F87A00B23454 /* Supporting Files */,
				970E252D23F8DC2100B23454 /* LaunchScreen.storyboard */,
				970E252823F8DC1F00B23454 /* Main.storyboard */,
				970E252623F8DC1F00B23454 /* MeasurementViewController.swift */,
				970E253823F8F94300B23454 /* ResultsViewController.swift */,
			);
			path = "Shake Detector";
			sourceTree = "<group>";
		};
		970E253723F8F87A00B23454 /* Supporting Files */ = {
			isa = PBXGroup;
			children = (
				970E253023F8DC2100B23454 /* Info.plist */,
				970E252223F8DC1F00B23454 /* AppDelegate.swift */,
			);
			path = "Supporting Files";
			sourceTree = "<group>";
		};
		970E253A23F8F98600B23454 /* Graph */ = {
			isa = PBXGroup;
			children = (
				970E254323F8F9EB00B23454 /* LICENSE.txt */,
				970E253E23F8F9B300B23454 /* CGContext+GraphLines.swift */,
				970E253C23F8F9B300B23454 /* GraphSegment.swift */,
				970E253D23F8F9B300B23454 /* GraphView.swift */,
				977763B32403B03100B179CB /* WaveformView.swift */,
			);
			path = Graph;
			sourceTree = "<group>";
		};
		974A5902240B37500084711F /* Tests */ = {
			isa = PBXGroup;
			children = (
				974A5905240B37500084711F /* Info.plist */,
				974A5903240B37500084711F /* RecordingClassifierTests.swift */,
			);
			path = Tests;
			sourceTree = "<group>";
		};
		974A5918240B4B8F0084711F /* Math */ = {
			isa = PBXGroup;
			children = (
				974A591B240B5B4E0084711F /* Array+Chunking.swift */,
				977763B12403A94700B179CB /* FFT.swift */,
			);
			path = Math;
			sourceTree = "<group>";
		};
		9759BB9A2414620B009AAA07 /* Recordings */ = {
			isa = PBXGroup;
			children = (
				9759BB9C24146286009AAA07 /* Los Angeles */,
				9759BB9D24146286009AAA07 /* Scotts Mill */,
				9759BB9E24146286009AAA07 /* Tohoku */,
			);
			path = Recordings;
			sourceTree = "<group>";
		};
		97EB99F523FB68C200E8A3E2 /* Resources */ = {
			isa = PBXGroup;
			children = (
				970E252B23F8DC2100B23454 /* Assets.xcassets */,
				9759BB9A2414620B009AAA07 /* Recordings */,
			);
			path = Resources;
			sourceTree = "<group>";
		};
		97EB9A0023FB6A2400E8A3E2 /* Models */ = {
			isa = PBXGroup;
			children = (
				97EB9A0123FB6A4500E8A3E2 /* Record.swift */,
				974A5910240B39010084711F /* Recording.swift */,
				974A5916240B39E00084711F /* RecordingClassifier.swift */,
				974A5919240B5AF20084711F /* RecordingFingerprint.swift */,
			);
			path = Models;
			sourceTree = "<group>";
		};
/* End PBXGroup section */

/* Begin PBXNativeTarget section */
		970E251E23F8DC1F00B23454 /* Shake Detector */ = {
			isa = PBXNativeTarget;
			buildConfigurationList = 970E253323F8DC2100B23454 /* Build configuration list for PBXNativeTarget "Shake Detector" */;
			buildPhases = (
				970E251B23F8DC1F00B23454 /* Sources */,
				970E251D23F8DC1F00B23454 /* Resources */,
			);
			buildRules = (
			);
			dependencies = (
			);
			name = "Shake Detector";
			productName = "Shake Detector";
			productReference = 970E251F23F8DC1F00B23454 /* Shake Detector.app */;
			productType = "com.apple.product-type.application";
		};
		974A5900240B37500084711F /* Tests */ = {
			isa = PBXNativeTarget;
			buildConfigurationList = 974A590A240B37500084711F /* Build configuration list for PBXNativeTarget "Tests" */;
			buildPhases = (
				974A58FD240B37500084711F /* Sources */,
				974A58FF240B37500084711F /* Resources */,
			);
			buildRules = (
			);
			dependencies = (
				974A5907240B37500084711F /* PBXTargetDependency */,
			);
			name = Tests;
			productName = Tests;
			productReference = 974A5901240B37500084711F /* Tests.xctest */;
			productType = "com.apple.product-type.bundle.unit-test";
		};
/* End PBXNativeTarget section */

/* Begin PBXProject section */
		970E251723F8DC1F00B23454 /* Project object */ = {
			isa = PBXProject;
			attributes = {
				LastSwiftUpdateCheck = 1130;
				LastUpgradeCheck = 1130;
				ORGANIZATIONNAME = "Nova Code Collective";
				TargetAttributes = {
					970E251E23F8DC1F00B23454 = {
						CreatedOnToolsVersion = 11.3.1;
					};
					974A5900240B37500084711F = {
						CreatedOnToolsVersion = 11.3.1;
						TestTargetID = 970E251E23F8DC1F00B23454;
					};
				};
			};
			buildConfigurationList = 970E251A23F8DC1F00B23454 /* Build configuration list for PBXProject "Shake Detector" */;
			compatibilityVersion = "Xcode 9.3";
			developmentRegion = en;
			hasScannedForEncodings = 0;
			knownRegions = (
				en,
				Base,
			);
			mainGroup = 970E251623F8DC1F00B23454;
			productRefGroup = 970E252023F8DC1F00B23454 /* Products */;
			projectDirPath = "";
			projectRoot = "";
			targets = (
				970E251E23F8DC1F00B23454 /* Shake Detector */,
				974A5900240B37500084711F /* Tests */,
			);
		};
/* End PBXProject section */

/* Begin PBXResourcesBuildPhase section */
		970E251D23F8DC1F00B23454 /* Resources */ = {
			isa = PBXResourcesBuildPhase;
			buildActionMask = 2147483647;
			files = (
				9759BBA024146286009AAA07 /* Scotts Mill in Resources */,
				970E252F23F8DC2100B23454 /* LaunchScreen.storyboard in Resources */,
				9759BB9F24146286009AAA07 /* Los Angeles in Resources */,
				9759BBA124146286009AAA07 /* Tohoku in Resources */,
				970E252C23F8DC2100B23454 /* Assets.xcassets in Resources */,
				970E252A23F8DC1F00B23454 /* Main.storyboard in Resources */,
			);
			runOnlyForDeploymentPostprocessing = 0;
		};
		974A58FF240B37500084711F /* Resources */ = {
			isa = PBXResourcesBuildPhase;
			buildActionMask = 2147483647;
			files = (
			);
			runOnlyForDeploymentPostprocessing = 0;
		};
/* End PBXResourcesBuildPhase section */

/* Begin PBXSourcesBuildPhase section */
		970E251B23F8DC1F00B23454 /* Sources */ = {
			isa = PBXSourcesBuildPhase;
			buildActionMask = 2147483647;
			files = (
				970E252323F8DC1F00B23454 /* AppDelegate.swift in Sources */,
				97EB9A0223FB6A4500E8A3E2 /* Record.swift in Sources */,
				974A5917240B39E00084711F /* RecordingClassifier.swift in Sources */,
				977763B42403B03100B179CB /* WaveformView.swift in Sources */,
				970E254223F8F9B300B23454 /* CGContext+GraphLines.swift in Sources */,
				970E254023F8F9B300B23454 /* GraphSegment.swift in Sources */,
				977763B22403A94700B179CB /* FFT.swift in Sources */,
				970E254123F8F9B300B23454 /* GraphView.swift in Sources */,
				970E252723F8DC1F00B23454 /* MeasurementViewController.swift in Sources */,
				970E253923F8F94300B23454 /* ResultsViewController.swift in Sources */,
				974A591A240B5AF20084711F /* RecordingFingerprint.swift in Sources */,
				974A591C240B5B4E0084711F /* Array+Chunking.swift in Sources */,
				974A5911240B39010084711F /* Recording.swift in Sources */,
			);
			runOnlyForDeploymentPostprocessing = 0;
		};
		974A58FD240B37500084711F /* Sources */ = {
			isa = PBXSourcesBuildPhase;
			buildActionMask = 2147483647;
			files = (
				974A5904240B37500084711F /* RecordingClassifierTests.swift in Sources */,
			);
			runOnlyForDeploymentPostprocessing = 0;
		};
/* End PBXSourcesBuildPhase section */

/* Begin PBXTargetDependency section */
		974A5907240B37500084711F /* PBXTargetDependency */ = {
			isa = PBXTargetDependency;
			target = 970E251E23F8DC1F00B23454 /* Shake Detector */;
			targetProxy = 974A5906240B37500084711F /* PBXContainerItemProxy */;
		};
/* End PBXTargetDependency section */

/* Begin PBXVariantGroup section */
		970E252823F8DC1F00B23454 /* Main.storyboard */ = {
			isa = PBXVariantGroup;
			children = (
				970E252923F8DC1F00B23454 /* Base */,
			);
			name = Main.storyboard;
			sourceTree = "<group>";
		};
		970E252D23F8DC2100B23454 /* LaunchScreen.storyboard */ = {
			isa = PBXVariantGroup;
			children = (
				970E252E23F8DC2100B23454 /* Base */,
			);
			name = LaunchScreen.storyboard;
			sourceTree = "<group>";
		};
/* End PBXVariantGroup section */

/* Begin XCBuildConfiguration section */
		970E253123F8DC2100B23454 /* Debug */ = {
			isa = XCBuildConfiguration;
			buildSettings = {
				ALWAYS_SEARCH_USER_PATHS = NO;
				CLANG_ANALYZER_GCD_PERFORMANCE = YES;
				CLANG_ANALYZER_NONNULL = YES;
				CLANG_ANALYZER_NUMBER_OBJECT_CONVERSION = YES_AGGRESSIVE;
				CLANG_ENABLE_MODULES = YES;
				CLANG_ENABLE_OBJC_ARC = YES;
				CLANG_ENABLE_OBJC_WEAK = YES;
				CLANG_WARN_ASSIGN_ENUM = YES;
				CLANG_WARN_BLOCK_CAPTURE_AUTORELEASING = YES;
				CLANG_WARN_BOOL_CONVERSION = YES;
				CLANG_WARN_COMMA = YES;
				CLANG_WARN_CONSTANT_CONVERSION = YES;
				CLANG_WARN_DEPRECATED_OBJC_IMPLEMENTATIONS = YES;
				CLANG_WARN_DIRECT_OBJC_ISA_USAGE = YES_ERROR;
				CLANG_WARN_DOCUMENTATION_COMMENTS = YES;
				CLANG_WARN_EMPTY_BODY = YES;
				CLANG_WARN_ENUM_CONVERSION = YES;
				CLANG_WARN_INFINITE_RECURSION = YES;
				CLANG_WARN_INT_CONVERSION = YES;
				CLANG_WARN_NON_LITERAL_NULL_CONVERSION = YES;
				CLANG_WARN_OBJC_IMPLICIT_RETAIN_SELF = YES;
				CLANG_WARN_OBJC_LITERAL_CONVERSION = YES;
				CLANG_WARN_OBJC_ROOT_CLASS = YES_ERROR;
				CLANG_WARN_RANGE_LOOP_ANALYSIS = YES;
				CLANG_WARN_STRICT_PROTOTYPES = YES;
				CLANG_WARN_SUSPICIOUS_IMPLICIT_CONVERSION = YES;
				CLANG_WARN_SUSPICIOUS_MOVE = YES;
				CLANG_WARN_UNGUARDED_AVAILABILITY = YES_AGGRESSIVE;
				CLANG_WARN_UNREACHABLE_CODE = YES;
				CLANG_WARN__DUPLICATE_METHOD_MATCH = YES;
				COPY_PHASE_STRIP = NO;
				CURRENT_PROJECT_VERSION = 1;
				DEBUG_INFORMATION_FORMAT = dwarf;
				ENABLE_STRICT_OBJC_MSGSEND = YES;
				ENABLE_TESTABILITY = YES;
				GCC_DYNAMIC_NO_PIC = NO;
				GCC_NO_COMMON_BLOCKS = YES;
				GCC_OPTIMIZATION_LEVEL = 0;
				GCC_PREPROCESSOR_DEFINITIONS = (
					"DEBUG=1",
					"$(inherited)",
				);
				GCC_WARN_64_TO_32_BIT_CONVERSION = YES;
				GCC_WARN_ABOUT_MISSING_FIELD_INITIALIZERS = YES;
				GCC_WARN_ABOUT_RETURN_TYPE = YES_ERROR;
				GCC_WARN_SHADOW = YES;
				GCC_WARN_UNDECLARED_SELECTOR = YES;
				GCC_WARN_UNINITIALIZED_AUTOS = YES_AGGRESSIVE;
				GCC_WARN_UNUSED_FUNCTION = YES;
				GCC_WARN_UNUSED_LABEL = YES;
				GCC_WARN_UNUSED_VARIABLE = YES;
				IPHONEOS_DEPLOYMENT_TARGET = 9.3;
				MARKETING_VERSION = 1.0;
				MTL_FAST_MATH = YES;
				ONLY_ACTIVE_ARCH = YES;
				SDKROOT = iphoneos;
				SWIFT_ACTIVE_COMPILATION_CONDITIONS = DEBUG;
				SWIFT_OPTIMIZATION_LEVEL = "-Onone";
				SWIFT_VERSION = 5.0;
				VERSIONING_SYSTEM = "apple-generic";
			};
			name = Debug;
		};
		970E253223F8DC2100B23454 /* Release */ = {
			isa = XCBuildConfiguration;
			buildSettings = {
				ALWAYS_SEARCH_USER_PATHS = NO;
				CLANG_ANALYZER_GCD_PERFORMANCE = YES;
				CLANG_ANALYZER_NONNULL = YES;
				CLANG_ANALYZER_NUMBER_OBJECT_CONVERSION = YES_AGGRESSIVE;
				CLANG_ENABLE_MODULES = YES;
				CLANG_ENABLE_OBJC_ARC = YES;
				CLANG_ENABLE_OBJC_WEAK = YES;
				CLANG_WARN_ASSIGN_ENUM = YES;
				CLANG_WARN_BLOCK_CAPTURE_AUTORELEASING = YES;
				CLANG_WARN_BOOL_CONVERSION = YES;
				CLANG_WARN_COMMA = YES;
				CLANG_WARN_CONSTANT_CONVERSION = YES;
				CLANG_WARN_DEPRECATED_OBJC_IMPLEMENTATIONS = YES;
				CLANG_WARN_DIRECT_OBJC_ISA_USAGE = YES_ERROR;
				CLANG_WARN_DOCUMENTATION_COMMENTS = YES;
				CLANG_WARN_EMPTY_BODY = YES;
				CLANG_WARN_ENUM_CONVERSION = YES;
				CLANG_WARN_INFINITE_RECURSION = YES;
				CLANG_WARN_INT_CONVERSION = YES;
				CLANG_WARN_NON_LITERAL_NULL_CONVERSION = YES;
				CLANG_WARN_OBJC_IMPLICIT_RETAIN_SELF = YES;
				CLANG_WARN_OBJC_LITERAL_CONVERSION = YES;
				CLANG_WARN_OBJC_ROOT_CLASS = YES_ERROR;
				CLANG_WARN_RANGE_LOOP_ANALYSIS = YES;
				CLANG_WARN_STRICT_PROTOTYPES = YES;
				CLANG_WARN_SUSPICIOUS_IMPLICIT_CONVERSION = YES;
				CLANG_WARN_SUSPICIOUS_MOVE = YES;
				CLANG_WARN_UNGUARDED_AVAILABILITY = YES_AGGRESSIVE;
				CLANG_WARN_UNREACHABLE_CODE = YES;
				CLANG_WARN__DUPLICATE_METHOD_MATCH = YES;
				COPY_PHASE_STRIP = NO;
				CURRENT_PROJECT_VERSION = 1;
				DEBUG_INFORMATION_FORMAT = "dwarf-with-dsym";
				ENABLE_NS_ASSERTIONS = NO;
				ENABLE_STRICT_OBJC_MSGSEND = YES;
				GCC_NO_COMMON_BLOCKS = YES;
				GCC_WARN_64_TO_32_BIT_CONVERSION = YES;
				GCC_WARN_ABOUT_MISSING_FIELD_INITIALIZERS = YES;
				GCC_WARN_ABOUT_RETURN_TYPE = YES_ERROR;
				GCC_WARN_SHADOW = YES;
				GCC_WARN_UNDECLARED_SELECTOR = YES;
				GCC_WARN_UNINITIALIZED_AUTOS = YES_AGGRESSIVE;
				GCC_WARN_UNUSED_FUNCTION = YES;
				GCC_WARN_UNUSED_LABEL = YES;
				GCC_WARN_UNUSED_VARIABLE = YES;
				IPHONEOS_DEPLOYMENT_TARGET = 9.3;
				MARKETING_VERSION = 1.0;
				MTL_FAST_MATH = YES;
				SDKROOT = iphoneos;
				SWIFT_COMPILATION_MODE = wholemodule;
				SWIFT_OPTIMIZATION_LEVEL = "-O";
				SWIFT_VERSION = 5.0;
				VALIDATE_PRODUCT = YES;
				VERSIONING_SYSTEM = "apple-generic";
			};
			name = Release;
		};
		970E253423F8DC2100B23454 /* Debug */ = {
			isa = XCBuildConfiguration;
			buildSettings = {
				ASSETCATALOG_COMPILER_APPICON_NAME = AppIcon;
				CODE_SIGN_STYLE = Automatic;
				DEVELOPMENT_TEAM = US4HU94M7E;
				INFOPLIST_FILE = "Shake Detector/Supporting Files/Info.plist";
				LD_RUNPATH_SEARCH_PATHS = (
					"$(inherited)",
					"@executable_path/Frameworks",
				);
				PRODUCT_BUNDLE_IDENTIFIER = "org.NovaCodeCollective.Shake-Detector";
				PRODUCT_NAME = "$(TARGET_NAME)";
			};
			name = Debug;
		};
		970E253523F8DC2100B23454 /* Release */ = {
			isa = XCBuildConfiguration;
			buildSettings = {
				ASSETCATALOG_COMPILER_APPICON_NAME = AppIcon;
				CODE_SIGN_STYLE = Automatic;
				DEVELOPMENT_TEAM = US4HU94M7E;
				INFOPLIST_FILE = "Shake Detector/Supporting Files/Info.plist";
				LD_RUNPATH_SEARCH_PATHS = (
					"$(inherited)",
					"@executable_path/Frameworks",
				);
				PRODUCT_BUNDLE_IDENTIFIER = "org.NovaCodeCollective.Shake-Detector";
				PRODUCT_NAME = "$(TARGET_NAME)";
			};
			name = Release;
		};
		974A5908240B37500084711F /* Debug */ = {
			isa = XCBuildConfiguration;
			buildSettings = {
				BUNDLE_LOADER = "$(TEST_HOST)";
				DEVELOPMENT_TEAM = US4HU94M7E;
				INFOPLIST_FILE = Tests/Info.plist;
				LD_RUNPATH_SEARCH_PATHS = (
					"$(inherited)",
					"@executable_path/Frameworks",
					"@loader_path/Frameworks",
				);
				PRODUCT_BUNDLE_IDENTIFIER = org.NovaCodeCollective.Tests;
				PRODUCT_NAME = "$(TARGET_NAME)";
				TEST_HOST = "$(BUILT_PRODUCTS_DIR)/Shake Detector.app/Shake Detector";
			};
			name = Debug;
		};
		974A5909240B37500084711F /* Release */ = {
			isa = XCBuildConfiguration;
			buildSettings = {
				BUNDLE_LOADER = "$(TEST_HOST)";
				DEVELOPMENT_TEAM = US4HU94M7E;
				INFOPLIST_FILE = Tests/Info.plist;
				LD_RUNPATH_SEARCH_PATHS = (
					"$(inherited)",
					"@executable_path/Frameworks",
					"@loader_path/Frameworks",
				);
				PRODUCT_BUNDLE_IDENTIFIER = org.NovaCodeCollective.Tests;
				PRODUCT_NAME = "$(TARGET_NAME)";
				TEST_HOST = "$(BUILT_PRODUCTS_DIR)/Shake Detector.app/Shake Detector";
			};
			name = Release;
		};
/* End XCBuildConfiguration section */

/* Begin XCConfigurationList section */
		970E251A23F8DC1F00B23454 /* Build configuration list for PBXProject "Shake Detector" */ = {
			isa = XCConfigurationList;
			buildConfigurations = (
				970E253123F8DC2100B23454 /* Debug */,
				970E253223F8DC2100B23454 /* Release */,
			);
			defaultConfigurationIsVisible = 0;
			defaultConfigurationName = Release;
		};
		970E253323F8DC2100B23454 /* Build configuration list for PBXNativeTarget "Shake Detector" */ = {
			isa = XCConfigurationList;
			buildConfigurations = (
				970E253423F8DC2100B23454 /* Debug */,
				970E253523F8DC2100B23454 /* Release */,
			);
			defaultConfigurationIsVisible = 0;
			defaultConfigurationName = Release;
		};
		974A590A240B37500084711F /* Build configuration list for PBXNativeTarget "Tests" */ = {
			isa = XCConfigurationList;
			buildConfigurations = (
				974A5908240B37500084711F /* Debug */,
				974A5909240B37500084711F /* Release */,
			);
			defaultConfigurationIsVisible = 0;
			defaultConfigurationName = Release;
		};
/* End XCConfigurationList section */
	};
	rootObject = 970E251723F8DC1F00B23454 /* Project object */;
}
